{
  "name": "jumao",
  "version": "0.3.1",
  "lockfileVersion": 3,
  "requires": true,
  "packages": {
    "": {
      "name": "jumao",
      "version": "0.3.1",
      "license": "MIT",
      "bin": {
        "jumao": "bin/jumao.js"
      },
      "engines": {
        "node": ">=18"
      }
    }
  }
}
